// !$*UTF8*$!
{
	archiveVersion = 1;
	classes = {
	};
	objectVersion = 50;
	objects = {

/* Begin PBXBuildFile section */
		8008C4A226AD9AD9005706B3 /* LEDTestyApp.swift in Sources */ = {isa = PBXBuildFile; fileRef = 8008C4A126AD9AD9005706B3 /* LEDTestyApp.swift */; };
		8008C4A426AD9AD9005706B3 /* ContentView.swift in Sources */ = {isa = PBXBuildFile; fileRef = 8008C4A326AD9AD9005706B3 /* ContentView.swift */; };
		8008C4A626AD9ADA005706B3 /* Assets.xcassets in Resources */ = {isa = PBXBuildFile; fileRef = 8008C4A526AD9ADA005706B3 /* Assets.xcassets */; };
		8008C4A926AD9ADA005706B3 /* Preview Assets.xcassets in Resources */ = {isa = PBXBuildFile; fileRef = 8008C4A826AD9ADA005706B3 /* Preview Assets.xcassets */; };
		8008C4B426AD9B11005706B3 /* CircularLEDView.swift in Sources */ = {isa = PBXBuildFile; fileRef = 8008C4B326AD9B11005706B3 /* CircularLEDView.swift */; };
		8008C4B626AD9B37005706B3 /* LEDScreen1D.swift in Sources */ = {isa = PBXBuildFile; fileRef = 8008C4B526AD9B37005706B3 /* LEDScreen1D.swift */; };
		8008C4B826AD9B89005706B3 /* RGB.swift in Sources */ = {isa = PBXBuildFile; fileRef = 8008C4B726AD9B89005706B3 /* RGB.swift */; };
		8008C4BA26AD9C71005706B3 /* RGB+View.swift in Sources */ = {isa = PBXBuildFile; fileRef = 8008C4B926AD9C71005706B3 /* RGB+View.swift */; };
		8008C4BF26AD9D1B005706B3 /* Angle.swift in Sources */ = {isa = PBXBuildFile; fileRef = 8008C4BE26AD9D1B005706B3 /* Angle.swift */; };
/* End PBXBuildFile section */

/* Begin PBXFileReference section */
		8008C49E26AD9AD9005706B3 /* LEDTesty.app */ = {isa = PBXFileReference; explicitFileType = wrapper.application; includeInIndex = 0; path = LEDTesty.app; sourceTree = BUILT_PRODUCTS_DIR; };
		8008C4A126AD9AD9005706B3 /* LEDTestyApp.swift */ = {isa = PBXFileReference; lastKnownFileType = sourcecode.swift; path = LEDTestyApp.swift; sourceTree = "<group>"; };
		8008C4A326AD9AD9005706B3 /* ContentView.swift */ = {isa = PBXFileReference; lastKnownFileType = sourcecode.swift; path = ContentView.swift; sourceTree = "<group>"; };
		8008C4A526AD9ADA005706B3 /* Assets.xcassets */ = {isa = PBXFileReference; lastKnownFileType = folder.assetcatalog; path = Assets.xcassets; sourceTree = "<group>"; };
		8008C4A826AD9ADA005706B3 /* Preview Assets.xcassets */ = {isa = PBXFileReference; lastKnownFileType = folder.assetcatalog; path = "Preview Assets.xcassets"; sourceTree = "<group>"; };
		8008C4AA26AD9ADA005706B3 /* Info.plist */ = {isa = PBXFileReference; lastKnownFileType = text.plist.xml; path = Info.plist; sourceTree = "<group>"; };
		8008C4AB26AD9ADA005706B3 /* LEDTesty.entitlements */ = {isa = PBXFileReference; lastKnownFileType = text.plist.entitlements; path = LEDTesty.entitlements; sourceTree = "<group>"; };
		8008C4B326AD9B11005706B3 /* CircularLEDView.swift */ = {isa = PBXFileReference; lastKnownFileType = sourcecode.swift; path = CircularLEDView.swift; sourceTree = "<group>"; };
		8008C4B526AD9B37005706B3 /* LEDScreen1D.swift */ = {isa = PBXFileReference; lastKnownFileType = sourcecode.swift; path = LEDScreen1D.swift; sourceTree = "<group>"; };
		8008C4B726AD9B89005706B3 /* RGB.swift */ = {isa = PBXFileReference; lastKnownFileType = sourcecode.swift; path = RGB.swift; sourceTree = "<group>"; };
		8008C4B926AD9C71005706B3 /* RGB+View.swift */ = {isa = PBXFileReference; lastKnownFileType = sourcecode.swift; path = "RGB+View.swift"; sourceTree = "<group>"; };
		8008C4BE26AD9D1B005706B3 /* Angle.swift */ = {isa = PBXFileReference; lastKnownFileType = sourcecode.swift; path = Angle.swift; sourceTree = "<group>"; };
/* End PBXFileReference section */

/* Begin PBXFrameworksBuildPhase section */
		8008C49B26AD9AD9005706B3 /* Frameworks */ = {
			isa = PBXFrameworksBuildPhase;
			buildActionMask = 2147483647;
			files = (
			);
			runOnlyForDeploymentPostprocessing = 0;
		};
/* End PBXFrameworksBuildPhase section */

/* Begin PBXGroup section */
		8008C49526AD9AD9005706B3 = {
			isa = PBXGroup;
			children = (
				8008C4A026AD9AD9005706B3 /* LEDTesty */,
				8008C49F26AD9AD9005706B3 /* Products */,
			);
			sourceTree = "<group>";
		};
		8008C49F26AD9AD9005706B3 /* Products */ = {
			isa = PBXGroup;
			children = (
				8008C49E26AD9AD9005706B3 /* LEDTesty.app */,
			);
			name = Products;
			sourceTree = "<group>";
		};
		8008C4A026AD9AD9005706B3 /* LEDTesty */ = {
			isa = PBXGroup;
			children = (
				8008C4A126AD9AD9005706B3 /* LEDTestyApp.swift */,
				8008C4A326AD9AD9005706B3 /* ContentView.swift */,
				8008C4B126AD9AF6005706B3 /* Logic */,
				8008C4B226AD9AFD005706B3 /* Views */,
				8008C4A526AD9ADA005706B3 /* Assets.xcassets */,
				8008C4AA26AD9ADA005706B3 /* Info.plist */,
				8008C4AB26AD9ADA005706B3 /* LEDTesty.entitlements */,
				8008C4A726AD9ADA005706B3 /* Preview Content */,
			);
			path = LEDTesty;
			sourceTree = "<group>";
		};
		8008C4A726AD9ADA005706B3 /* Preview Content */ = {
			isa = PBXGroup;
			children = (
				8008C4A826AD9ADA005706B3 /* Preview Assets.xcassets */,
			);
			path = "Preview Content";
			sourceTree = "<group>";
		};
		8008C4B126AD9AF6005706B3 /* Logic */ = {
			isa = PBXGroup;
			children = (
				8008C4B726AD9B89005706B3 /* RGB.swift */,
				8008C4B526AD9B37005706B3 /* LEDScreen1D.swift */,
			);
			path = Logic;
			sourceTree = "<group>";
		};
		8008C4B226AD9AFD005706B3 /* Views */ = {
			isa = PBXGroup;
			children = (
				8008C4BD26AD9D15005706B3 /* Util */,
				8008C4B926AD9C71005706B3 /* RGB+View.swift */,
				8008C4B326AD9B11005706B3 /* CircularLEDView.swift */,
			);
			path = Views;
			sourceTree = "<group>";
		};
		8008C4BD26AD9D15005706B3 /* Util */ = {
			isa = PBXGroup;
			children = (
				8008C4BE26AD9D1B005706B3 /* Angle.swift */,
			);
			path = Util;
			sourceTree = "<group>";
		};
/* End PBXGroup section */

/* Begin PBXNativeTarget section */
		8008C49D26AD9AD9005706B3 /* LEDTesty */ = {
			isa = PBXNativeTarget;
			buildConfigurationList = 8008C4AE26AD9ADA005706B3 /* Build configuration list for PBXNativeTarget "LEDTesty" */;
			buildPhases = (
				8008C49A26AD9AD9005706B3 /* Sources */,
				8008C49B26AD9AD9005706B3 /* Frameworks */,
				8008C49C26AD9AD9005706B3 /* Resources */,
			);
			buildRules = (
			);
			dependencies = (
			);
			name = LEDTesty;
			productName = LEDTesty;
			productReference = 8008C49E26AD9AD9005706B3 /* LEDTesty.app */;
			productType = "com.apple.product-type.application";
		};
/* End PBXNativeTarget section */

/* Begin PBXProject section */
		8008C49626AD9AD9005706B3 /* Project object */ = {
			isa = PBXProject;
			attributes = {
				LastSwiftUpdateCheck = 1250;
				LastUpgradeCheck = 1250;
				TargetAttributes = {
					8008C49D26AD9AD9005706B3 = {
						CreatedOnToolsVersion = 12.5.1;
					};
				};
			};
			buildConfigurationList = 8008C49926AD9AD9005706B3 /* Build configuration list for PBXProject "LEDTesty" */;
			compatibilityVersion = "Xcode 9.3";
			developmentRegion = en;
			hasScannedForEncodings = 0;
			knownRegions = (
				en,
				Base,
			);
			mainGroup = 8008C49526AD9AD9005706B3;
			productRefGroup = 8008C49F26AD9AD9005706B3 /* Products */;
			projectDirPath = "";
			projectRoot = "";
			targets = (
				8008C49D26AD9AD9005706B3 /* LEDTesty */,
			);
		};
/* End PBXProject section */

/* Begin PBXResourcesBuildPhase section */
		8008C49C26AD9AD9005706B3 /* Resources */ = {
			isa = PBXResourcesBuildPhase;
			buildActionMask = 2147483647;
			files = (
				8008C4A926AD9ADA005706B3 /* Preview Assets.xcassets in Resources */,
				8008C4A626AD9ADA005706B3 /* Assets.xcassets in Resources */,
			);
			runOnlyForDeploymentPostprocessing = 0;
		};
/* End PBXResourcesBuildPhase section */

/* Begin PBXSourcesBuildPhase section */
		8008C49A26AD9AD9005706B3 /* Sources */ = {
			isa = PBXSourcesBuildPhase;
			buildActionMask = 2147483647;
			files = (
				8008C4B826AD9B89005706B3 /* RGB.swift in Sources */,
				8008C4A426AD9AD9005706B3 /* ContentView.swift in Sources */,
				8008C4B426AD9B11005706B3 /* CircularLEDView.swift in Sources */,
				8008C4B626AD9B37005706B3 /* LEDScreen1D.swift in Sources */,
				8008C4BF26AD9D1B005706B3 /* Angle.swift in Sources */,
				8008C4BA26AD9C71005706B3 /* RGB+View.swift in Sources */,
				8008C4A226AD9AD9005706B3 /* LEDTestyApp.swift in Sources */,
			);
			runOnlyForDeploymentPostprocessing = 0;
		};
/* End PBXSourcesBuildPhase section */

/* Begin XCBuildConfiguration section */
		8008C4AC26AD9ADA005706B3 /* Debug */ = {
			isa = XCBuildConfiguration;
			buildSettings = {
				ALWAYS_SEARCH_USER_PATHS = NO;
				CLANG_ANALYZER_NONNULL = YES;
				CLANG_ANALYZER_NUMBER_OBJECT_CONVERSION = YES_AGGRESSIVE;
				CLANG_CXX_LANGUAGE_STANDARD = "gnu++14";
				CLANG_CXX_LIBRARY = "libc++";
				CLANG_ENABLE_MODULES = YES;
				CLANG_ENABLE_OBJC_ARC = YES;
				CLANG_ENABLE_OBJC_WEAK = YES;
				CLANG_WARN_BLOCK_CAPTURE_AUTORELEASING = YES;
				CLANG_WARN_BOOL_CONVERSION = YES;
				CLANG_WARN_COMMA = YES;
				CLANG_WARN_CONSTANT_CONVERSION = YES;
				CLANG_WARN_DEPRECATED_OBJC_IMPLEMENTATIONS = YES;
				CLANG_WARN_DIRECT_OBJC_ISA_USAGE = YES_ERROR;
				CLANG_WARN_DOCUMENTATION_COMMENTS = YES;
				CLANG_WARN_EMPTY_BODY = YES;
				CLANG_WARN_ENUM_CONVERSION = YES;
				CLANG_WARN_INFINITE_RECURSION = YES;
				CLANG_WARN_INT_CONVERSION = YES;
				CLANG_WARN_NON_LITERAL_NULL_CONVERSION = YES;
				CLANG_WARN_OBJC_IMPLICIT_RETAIN_SELF = YES;
				CLANG_WARN_OBJC_LITERAL_CONVERSION = YES;
				CLANG_WARN_OBJC_ROOT_CLASS = YES_ERROR;
				CLANG_WARN_QUOTED_INCLUDE_IN_FRAMEWORK_HEADER = YES;
				CLANG_WARN_RANGE_LOOP_ANALYSIS = YES;
				CLANG_WARN_STRICT_PROTOTYPES = YES;
				CLANG_WARN_SUSPICIOUS_MOVE = YES;
				CLANG_WARN_UNGUARDED_AVAILABILITY = YES_AGGRESSIVE;
				CLANG_WARN_UNREACHABLE_CODE = YES;
				CLANG_WARN__DUPLICATE_METHOD_MATCH = YES;
				COPY_PHASE_STRIP = NO;
				DEBUG_INFORMATION_FORMAT = dwarf;
				ENABLE_STRICT_OBJC_MSGSEND = YES;
				ENABLE_TESTABILITY = YES;
				GCC_C_LANGUAGE_STANDARD = gnu11;
				GCC_DYNAMIC_NO_PIC = NO;
				GCC_NO_COMMON_BLOCKS = YES;
				GCC_OPTIMIZATION_LEVEL = 0;
				GCC_PREPROCESSOR_DEFINITIONS = (
					"DEBUG=1",
					"$(inherited)",
				);
				GCC_WARN_64_TO_32_BIT_CONVERSION = YES;
				GCC_WARN_ABOUT_RETURN_TYPE = YES_ERROR;
				GCC_WARN_UNDECLARED_SELECTOR = YES;
				GCC_WARN_UNINITIALIZED_AUTOS = YES_AGGRESSIVE;
				GCC_WARN_UNUSED_FUNCTION = YES;
				GCC_WARN_UNUSED_VARIABLE = YES;
				MACOSX_DEPLOYMENT_TARGET = 11.3;
				MTL_ENABLE_DEBUG_INFO = INCLUDE_SOURCE;
				MTL_FAST_MATH = YES;
				ONLY_ACTIVE_ARCH = YES;
				SDKROOT = macosx;
				SWIFT_ACTIVE_COMPILATION_CONDITIONS = DEBUG;
				SWIFT_OPTIMIZATION_LEVEL = "-Onone";
			};
			name = Debug;
		};
		8008C4AD26AD9ADA005706B3 /* Release */ = {
			isa = XCBuildConfiguration;
			buildSettings = {
				ALWAYS_SEARCH_USER_PATHS = NO;
				CLANG_ANALYZER_NONNULL = YES;
				CLANG_ANALYZER_NUMBER_OBJECT_CONVERSION = YES_AGGRESSIVE;
				CLANG_CXX_LANGUAGE_STANDARD = "gnu++14";
				CLANG_CXX_LIBRARY = "libc++";
				CLANG_ENABLE_MODULES = YES;
				CLANG_ENABLE_OBJC_ARC = YES;
				CLANG_ENABLE_OBJC_WEAK = YES;
				CLANG_WARN_BLOCK_CAPTURE_AUTORELEASING = YES;
				CLANG_WARN_BOOL_CONVERSION = YES;
				CLANG_WARN_COMMA = YES;
				CLANG_WARN_CONSTANT_CONVERSION = YES;
				CLANG_WARN_DEPRECATED_OBJC_IMPLEMENTATIONS = YES;
				CLANG_WARN_DIRECT_OBJC_ISA_USAGE = YES_ERROR;
				CLANG_WARN_DOCUMENTATION_COMMENTS = YES;
				CLANG_WARN_EMPTY_BODY = YES;
				CLANG_WARN_ENUM_CONVERSION = YES;
				CLANG_WARN_INFINITE_RECURSION = YES;
				CLANG_WARN_INT_CONVERSION = YES;
				CLANG_WARN_NON_LITERAL_NULL_CONVERSION = YES;
				CLANG_WARN_OBJC_IMPLICIT_RETAIN_SELF = YES;
				CLANG_WARN_OBJC_LITERAL_CONVERSION = YES;
				CLANG_WARN_OBJC_ROOT_CLASS = YES_ERROR;
				CLANG_WARN_QUOTED_INCLUDE_IN_FRAMEWORK_HEADER = YES;
				CLANG_WARN_RANGE_LOOP_ANALYSIS = YES;
				CLANG_WARN_STRICT_PROTOTYPES = YES;
				CLANG_WARN_SUSPICIOUS_MOVE = YES;
				CLANG_WARN_UNGUARDED_AVAILABILITY = YES_AGGRESSIVE;
				CLANG_WARN_UNREACHABLE_CODE = YES;
				CLANG_WARN__DUPLICATE_METHOD_MATCH = YES;
				COPY_PHASE_STRIP = NO;
				DEBUG_INFORMATION_FORMAT = "dwarf-with-dsym";
				ENABLE_NS_ASSERTIONS = NO;
				ENABLE_STRICT_OBJC_MSGSEND = YES;
				GCC_C_LANGUAGE_STANDARD = gnu11;
				GCC_NO_COMMON_BLOCKS = YES;
				GCC_WARN_64_TO_32_BIT_CONVERSION = YES;
				GCC_WARN_ABOUT_RETURN_TYPE = YES_ERROR;
				GCC_WARN_UNDECLARED_SELECTOR = YES;
				GCC_WARN_UNINITIALIZED_AUTOS = YES_AGGRESSIVE;
				GCC_WARN_UNUSED_FUNCTION = YES;
				GCC_WARN_UNUSED_VARIABLE = YES;
				MACOSX_DEPLOYMENT_TARGET = 11.3;
				MTL_ENABLE_DEBUG_INFO = NO;
				MTL_FAST_MATH = YES;
				SDKROOT = macosx;
				SWIFT_COMPILATION_MODE = wholemodule;
				SWIFT_OPTIMIZATION_LEVEL = "-O";
			};
			name = Release;
		};
		8008C4AF26AD9ADA005706B3 /* Debug */ = {
			isa = XCBuildConfiguration;
			buildSettings = {
				ASSETCATALOG_COMPILER_APPICON_NAME = AppIcon;
				ASSETCATALOG_COMPILER_GLOBAL_ACCENT_COLOR_NAME = AccentColor;
				CODE_SIGN_ENTITLEMENTS = LEDTesty/LEDTesty.entitlements;
				CODE_SIGN_STYLE = Automatic;
				COMBINE_HIDPI_IMAGES = YES;
				DEVELOPMENT_ASSET_PATHS = "\"LEDTesty/Preview Content\"";
				DEVELOPMENT_TEAM = 8Y879P9TDW;
				ENABLE_HARDENED_RUNTIME = YES;
				ENABLE_PREVIEWS = YES;
				INFOPLIST_FILE = LEDTesty/Info.plist;
				LD_RUNPATH_SEARCH_PATHS = (
					"$(inherited)",
					"@executable_path/../Frameworks",
				);
				MACOSX_DEPLOYMENT_TARGET = 11.0;
				PRODUCT_BUNDLE_IDENTIFIER = ivorius.LEDTesty;
				PRODUCT_NAME = "$(TARGET_NAME)";
				SWIFT_VERSION = 5.0;
			};
			name = Debug;
		};
		8008C4B026AD9ADA005706B3 /* Release */ = {
			isa = XCBuildConfiguration;
			buildSettings = {
				ASSETCATALOG_COMPILER_APPICON_NAME = AppIcon;
				ASSETCATALOG_COMPILER_GLOBAL_ACCENT_COLOR_NAME = AccentColor;
				CODE_SIGN_ENTITLEMENTS = LEDTesty/LEDTesty.entitlements;
				CODE_SIGN_STYLE = Automatic;
				COMBINE_HIDPI_IMAGES = YES;
				DEVELOPMENT_ASSET_PATHS = "\"LEDTesty/Preview Content\"";
				DEVELOPMENT_TEAM = 8Y879P9TDW;
				ENABLE_HARDENED_RUNTIME = YES;
				ENABLE_PREVIEWS = YES;
				INFOPLIST_FILE = LEDTesty/Info.plist;
				LD_RUNPATH_SEARCH_PATHS = (
					"$(inherited)",
					"@executable_path/../Frameworks",
				);
				MACOSX_DEPLOYMENT_TARGET = 11.0;
				PRODUCT_BUNDLE_IDENTIFIER = ivorius.LEDTesty;
				PRODUCT_NAME = "$(TARGET_NAME)";
				SWIFT_VERSION = 5.0;
			};
			name = Release;
		};
/* End XCBuildConfiguration section */

/* Begin XCConfigurationList section */
		8008C49926AD9AD9005706B3 /* Build configuration list for PBXProject "LEDTesty" */ = {
			isa = XCConfigurationList;
			buildConfigurations = (
				8008C4AC26AD9ADA005706B3 /* Debug */,
				8008C4AD26AD9ADA005706B3 /* Release */,
			);
			defaultConfigurationIsVisible = 0;
			defaultConfigurationName = Release;
		};
		8008C4AE26AD9ADA005706B3 /* Build configuration list for PBXNativeTarget "LEDTesty" */ = {
			isa = XCConfigurationList;
			buildConfigurations = (
				8008C4AF26AD9ADA005706B3 /* Debug */,
				8008C4B026AD9ADA005706B3 /* Release */,
			);
			defaultConfigurationIsVisible = 0;
			defaultConfigurationName = Release;
		};
/* End XCConfigurationList section */
	};
	rootObject = 8008C49626AD9AD9005706B3 /* Project object */;
}
